<?xml version="1.0" encoding="utf-8"?>
<Project ToolsVersion="4.0" xmlns="http://schemas.microsoft.com/developer/msbuild/2003">
  <ItemGroup>
    <ClCompile Include="util\arena.cc" />
    <ClCompile Include="table\block.cc" />
    <ClCompile Include="table\block_builder.cc" />
    <ClCompile Include="util\bloom.cc" />
    <ClCompile Include="db\builder.cc" />
    <ClCompile Include="db\c.cc" />
    <ClCompile Include="util\cache.cc" />
    <ClCompile Include="util\coding.cc" />
    <ClCompile Include="util\comparator.cc" />
    <ClCompile Include="util\crc32c.cc" />
    <ClCompile Include="db\db_impl.cc" />
    <ClCompile Include="db\db_iter.cc" />
    <ClCompile Include="db\dbformat.cc" />
    <ClCompile Include="util\env.cc" />
    <ClCompile Include="win32\env_win32.cc" />
    <ClCompile Include="db\filename.cc" />
    <ClCompile Include="table\filter_block.cc" />
    <ClCompile Include="util\filter_policy.cc" />
    <ClCompile Include="table\format.cc" />
    <ClCompile Include="util\hash.cc" />
    <ClCompile Include="util\histogram.cc" />
    <ClCompile Include="table\iterator.cc" />
    <ClCompile Include="db\leveldb_main.cc" />
    <ClCompile Include="db\log_reader.cc" />
    <ClCompile Include="db\log_writer.cc" />
    <ClCompile Include="util\logging.cc" />
    <ClCompile Include="helpers\memenv\memenv.cc" />
    <ClCompile Include="db\memtable.cc" />
    <ClCompile Include="table\merger.cc" />
    <ClCompile Include="util\options.cc" />
    <ClCompile Include="win32\port_win32.cc" />
    <ClCompile Include="db\repair.cc" />
    <ClCompile Include="util\status.cc" />
    <ClCompile Include="table\table.cc" />
    <ClCompile Include="table\table_builder.cc" />
    <ClCompile Include="db\table_cache.cc" />
    <ClCompile Include="table\two_level_iterator.cc" />
    <ClCompile Include="db\version_edit.cc" />
    <ClCompile Include="db\version_set.cc" />
    <ClCompile Include="db\write_batch.cc" />
  </ItemGroup>
</Project>