
Microsoft Visual Studio Solution File, Format Version 12.00
# Visual Studio 2012
Project("{8BC9CEB8-8B4A-11D0-8D11-00A0C91BC942}") = "fairytale", "fairytale\fairytale.vcxproj", "{E9F76FCF-00D4-4786-8EE4-4D8E93EB7D55}"
EndProject
Global
	GlobalSection(SolutionConfigurationPlatforms) = preSolution
		Debug|Win32 = Debug|Win32
		Release|Win32 = Release|Win32
		ReleaseWithDbgInfo|Win32 = ReleaseWithDbgInfo|Win32
	EndGlobalSection
	GlobalSection(ProjectConfigurationPlatforms) = postSolution
		{E9F76FCF-00D4-4786-8EE4-4D8E93EB7D55}.Debug|Win32.ActiveCfg = Debug|Win32
		{E9F76FCF-00D4-4786-8EE4-4D8E93EB7D55}.Debug|Win32.Build.0 = Debug|Win32
		{E9F76FCF-00D4-4786-8EE4-4D8E93EB7D55}.Release|Win32.ActiveCfg = Release|Win32
		{E9F76FCF-00D4-4786-8EE4-4D8E93EB7D55}.Release|Win32.Build.0 = Release|Win32
		{E9F76FCF-00D4-4786-8EE4-4D8E93EB7D55}.ReleaseWithDbgInfo|Win32.ActiveCfg = ReleaseWithDbgInfo|Win32
		{E9F76FCF-00D4-4786-8EE4-4D8E93EB7D55}.ReleaseWithDbgInfo|Win32.Build.0 = ReleaseWithDbgInfo|Win32
	EndGlobalSection
	GlobalSection(SolutionProperties) = preSolution
		HideSolutionNode = FALSE
	EndGlobalSection
EndGlobal
