<?xml version="1.0" encoding="utf-8"?>
<Project ToolsVersion="4.0" xmlns="http://schemas.microsoft.com/developer/msbuild/2003">
  <ItemGroup>
    <Filter Include="engine">
      <UniqueIdentifier>{e3c1c255-999b-4e0a-b274-a8214f57943c}</UniqueIdentifier>
    </Filter>
    <Filter Include="export">
      <UniqueIdentifier>{5d4f353f-7bbd-4788-8a19-18f8bbb48b71}</UniqueIdentifier>
    </Filter>
    <Filter Include="util">
      <UniqueIdentifier>{6b153a09-8ab8-428a-8e85-db2a69581513}</UniqueIdentifier>
    </Filter>
    <Filter Include="game">
      <UniqueIdentifier>{b3e0e429-1401-4461-8fde-81123b59daf6}</UniqueIdentifier>
    </Filter>
    <Filter Include="game\env">
      <UniqueIdentifier>{6b508d68-2f1e-4b7e-8679-6ba87908e9da}</UniqueIdentifier>
    </Filter>
  </ItemGroup>
  <ItemGroup>
    <ClCompile Include="engine-pch.cpp">
      <Filter>engine</Filter>
    </ClCompile>
    <ClCompile Include="engine-main.cpp">
      <Filter>engine</Filter>
    </ClCompile>
    <ClCompile Include="engine-application.cpp">
      <Filter>engine</Filter>
    </ClCompile>
    <ClCompile Include="export-python.cpp">
      <Filter>export</Filter>
    </ClCompile>
    <ClCompile Include="engine-input.cpp">
      <Filter>engine</Filter>
    </ClCompile>
    <ClCompile Include="game-env.cpp">
      <Filter>game\env</Filter>
    </ClCompile>
    <ClCompile Include="hydraxtest.cpp">
      <Filter>game\env</Filter>
    </ClCompile>
  </ItemGroup>
  <ItemGroup>
    <ClInclude Include="engine-application.h">
      <Filter>engine</Filter>
    </ClInclude>
    <ClInclude Include="engine-pch.h">
      <Filter>engine</Filter>
    </ClInclude>
    <ClInclude Include="game-env.h">
      <Filter>game\env</Filter>
    </ClInclude>
    <ClInclude Include="engine-input.h">
      <Filter>engine</Filter>
    </ClInclude>
    <ClInclude Include="util-singleton.h">
      <Filter>util</Filter>
    </ClInclude>
    <ClInclude Include="game-env-test.h">
      <Filter>game\env</Filter>
    </ClInclude>
    <ClInclude Include="engine-export.h">
      <Filter>engine</Filter>
    </ClInclude>
    <ClInclude Include="game-env-data.h">
      <Filter>game\env</Filter>
    </ClInclude>
  </ItemGroup>
</Project>